
Microsoft Visual Studio Solution File, Format Version 12.00
# Visual Studio Version 16
VisualStudioVersion = 16.0.29613.14
MinimumVisualStudioVersion = 10.0.40219.1
Project("{9A19103F-16F7-4668-BE54-9A1E7A4F7556}") = "MidiReader", "MidiReader\MidiReader.csproj", "{137F5EAD-B49A-44BB-9F34-6FE06249784D}"
EndProject
Project("{2150E333-8FDC-42A3-9474-1A3956D46DE8}") = "Solution Items", "Solution Items", "{015317FA-AA88-464F-B70B-D23383E00378}"
	ProjectSection(SolutionItems) = preProject
		.editorconfig = .editorconfig
	EndProjectSection
EndProject
Project("{9A19103F-16F7-4668-BE54-9A1E7A4F7556}") = "MidiReader.Tests", "MidiReader.Tests\MidiReader.Tests.csproj", "{90436A27-D7E3-43F1-BADF-6204C1A790B2}"
EndProject
Project("{9A19103F-16F7-4668-BE54-9A1E7A4F7556}") = "WaveWriter", "WaveWriter\WaveWriter.csproj", "{77464240-9270-437B-AB7C-515B2D8BF79B}"
EndProject
Project("{FAE04EC0-301F-11D3-BF4B-00C04F79EFBC}") = "WavePlayer", "WavePlayer\WavePlayer.csproj", "{3D7F69D5-4689-4FFF-9C8F-783C1CF3B811}"
EndProject
Global
	GlobalSection(SolutionConfigurationPlatforms) = preSolution
		Debug|Any CPU = Debug|Any CPU
		Release|Any CPU = Release|Any CPU
	EndGlobalSection
	GlobalSection(ProjectConfigurationPlatforms) = postSolution
		{137F5EAD-B49A-44BB-9F34-6FE06249784D}.Debug|Any CPU.ActiveCfg = Debug|Any CPU
		{137F5EAD-B49A-44BB-9F34-6FE06249784D}.Debug|Any CPU.Build.0 = Debug|Any CPU
		{137F5EAD-B49A-44BB-9F34-6FE06249784D}.Release|Any CPU.ActiveCfg = Release|Any CPU
		{137F5EAD-B49A-44BB-9F34-6FE06249784D}.Release|Any CPU.Build.0 = Release|Any CPU
		{90436A27-D7E3-43F1-BADF-6204C1A790B2}.Debug|Any CPU.ActiveCfg = Debug|Any CPU
		{90436A27-D7E3-43F1-BADF-6204C1A790B2}.Debug|Any CPU.Build.0 = Debug|Any CPU
		{90436A27-D7E3-43F1-BADF-6204C1A790B2}.Release|Any CPU.ActiveCfg = Release|Any CPU
		{90436A27-D7E3-43F1-BADF-6204C1A790B2}.Release|Any CPU.Build.0 = Release|Any CPU
		{77464240-9270-437B-AB7C-515B2D8BF79B}.Debug|Any CPU.ActiveCfg = Debug|Any CPU
		{77464240-9270-437B-AB7C-515B2D8BF79B}.Debug|Any CPU.Build.0 = Debug|Any CPU
		{77464240-9270-437B-AB7C-515B2D8BF79B}.Release|Any CPU.ActiveCfg = Release|Any CPU
		{77464240-9270-437B-AB7C-515B2D8BF79B}.Release|Any CPU.Build.0 = Release|Any CPU
		{3D7F69D5-4689-4FFF-9C8F-783C1CF3B811}.Debug|Any CPU.ActiveCfg = Debug|Any CPU
		{3D7F69D5-4689-4FFF-9C8F-783C1CF3B811}.Debug|Any CPU.Build.0 = Debug|Any CPU
		{3D7F69D5-4689-4FFF-9C8F-783C1CF3B811}.Release|Any CPU.ActiveCfg = Release|Any CPU
		{3D7F69D5-4689-4FFF-9C8F-783C1CF3B811}.Release|Any CPU.Build.0 = Release|Any CPU
	EndGlobalSection
	GlobalSection(SolutionProperties) = preSolution
		HideSolutionNode = FALSE
	EndGlobalSection
	GlobalSection(ExtensibilityGlobals) = postSolution
		SolutionGuid = {B8F88971-7E68-4B09-A1EB-0399A974A465}
	EndGlobalSection
EndGlobal
